
Microsoft Visual Studio Solution File, Format Version 12.00
# Visual Studio Version 17
VisualStudioVersion = 17.4.33213.308
MinimumVisualStudioVersion = 10.0.40219.1
Project("{FAE04EC0-301F-11D3-BF4B-00C04F79EFBC}") = "Week11_MyShowsList_API", "Week11_MyShowsList_API\Week11_MyShowsList_API.csproj", "{43FB31DE-FF8D-4D20-807F-D4D5D5310AAF}"
EndProject
Global
	GlobalSection(SolutionConfigurationPlatforms) = preSolution
		Debug|Any CPU = Debug|Any CPU
		Release|Any CPU = Release|Any CPU
	EndGlobalSection
	GlobalSection(ProjectConfigurationPlatforms) = postSolution
		{43FB31DE-FF8D-4D20-807F-D4D5D5310AAF}.Debug|Any CPU.ActiveCfg = Debug|Any CPU
		{43FB31DE-FF8D-4D20-807F-D4D5D5310AAF}.Debug|Any CPU.Build.0 = Debug|Any CPU
		{43FB31DE-FF8D-4D20-807F-D4D5D5310AAF}.Release|Any CPU.ActiveCfg = Release|Any CPU
		{43FB31DE-FF8D-4D20-807F-D4D5D5310AAF}.Release|Any CPU.Build.0 = Release|Any CPU
	EndGlobalSection
	GlobalSection(SolutionProperties) = preSolution
		HideSolutionNode = FALSE
	EndGlobalSection
	GlobalSection(ExtensibilityGlobals) = postSolution
		SolutionGuid = {1195D7C6-9BAC-4644-A97D-0B3402439AB9}
	EndGlobalSection
EndGlobal
